
Microsoft Visual Studio Solution File, Format Version 12.00
# Visual Studio Version 16
VisualStudioVersion = 16.0.31112.23
MinimumVisualStudioVersion = 10.0.40219.1
Project("{FAE04EC0-301F-11D3-BF4B-00C04F79EFBC}") = "SignalR", "SignalR\SignalR.csproj", "{17235515-9179-4E2B-B8DA-A430C5924732}"
EndProject
Global
	GlobalSection(SolutionConfigurationPlatforms) = preSolution
		Debug|Any CPU = Debug|Any CPU
		Release|Any CPU = Release|Any CPU
	EndGlobalSection
	GlobalSection(ProjectConfigurationPlatforms) = postSolution
		{17235515-9179-4E2B-B8DA-A430C5924732}.Debug|Any CPU.ActiveCfg = Debug|Any CPU
		{17235515-9179-4E2B-B8DA-A430C5924732}.Debug|Any CPU.Build.0 = Debug|Any CPU
		{17235515-9179-4E2B-B8DA-A430C5924732}.Release|Any CPU.ActiveCfg = Release|Any CPU
		{17235515-9179-4E2B-B8DA-A430C5924732}.Release|Any CPU.Build.0 = Release|Any CPU
	EndGlobalSection
	GlobalSection(SolutionProperties) = preSolution
		HideSolutionNode = FALSE
	EndGlobalSection
	GlobalSection(ExtensibilityGlobals) = postSolution
		SolutionGuid = {C6CBCDAF-7B1C-40D8-9920-F02DF7614702}
	EndGlobalSection
EndGlobal
